// !$*UTF8*$!
{
	archiveVersion = 1;
	classes = {
	};
	objectVersion = 56;
	objects = {

/* Begin PBXBuildFile section */
		BB42E1A72956FA52004DB3DB /* TargetModel.swift in Sources */ = {isa = PBXBuildFile; fileRef = BB42E1A62956FA52004DB3DB /* TargetModel.swift */; };
		BB42E1AA295844F8004DB3DB /* FinishedTaskList.swift in Sources */ = {isa = PBXBuildFile; fileRef = BB42E1A9295844F8004DB3DB /* FinishedTaskList.swift */; };
		BB42E1B0295849C1004DB3DB /* FinishedTaskCell.swift in Sources */ = {isa = PBXBuildFile; fileRef = BB42E1AE295849C1004DB3DB /* FinishedTaskCell.swift */; };
		BB42E1B1295849C1004DB3DB /* FinishedTaskCell.xib in Resources */ = {isa = PBXBuildFile; fileRef = BB42E1AF295849C1004DB3DB /* FinishedTaskCell.xib */; };
		BB42E1B329585437004DB3DB /* ConfigureFinishedTask.swift in Sources */ = {isa = PBXBuildFile; fileRef = BB42E1B229585437004DB3DB /* ConfigureFinishedTask.swift */; };
		BBB78CBB2950BBAA004C55B8 /* AppDelegate.swift in Sources */ = {isa = PBXBuildFile; fileRef = BBB78CBA2950BBAA004C55B8 /* AppDelegate.swift */; };
		BBB78CBD2950BBAA004C55B8 /* SceneDelegate.swift in Sources */ = {isa = PBXBuildFile; fileRef = BBB78CBC2950BBAA004C55B8 /* SceneDelegate.swift */; };
		BBB78CBF2950BBAA004C55B8 /* ListViewController.swift in Sources */ = {isa = PBXBuildFile; fileRef = BBB78CBE2950BBAA004C55B8 /* ListViewController.swift */; };
		BBB78CC22950BBAA004C55B8 /* Main.storyboard in Resources */ = {isa = PBXBuildFile; fileRef = BBB78CC02950BBAA004C55B8 /* Main.storyboard */; };
		BBB78CC42950BBAB004C55B8 /* Assets.xcassets in Resources */ = {isa = PBXBuildFile; fileRef = BBB78CC32950BBAB004C55B8 /* Assets.xcassets */; };
		BBB78CC72950BBAB004C55B8 /* LaunchScreen.storyboard in Resources */ = {isa = PBXBuildFile; fileRef = BBB78CC52950BBAB004C55B8 /* LaunchScreen.storyboard */; };
		BBB78CDA2950BEFE004C55B8 /* ListViewCell.swift in Sources */ = {isa = PBXBuildFile; fileRef = BBB78CD82950BEFE004C55B8 /* ListViewCell.swift */; };
		BBB78CDB2950BEFE004C55B8 /* ListViewCell.xib in Resources */ = {isa = PBXBuildFile; fileRef = BBB78CD92950BEFE004C55B8 /* ListViewCell.xib */; };
		BBB78CDD2956E1BE004C55B8 /* ConfigureListView.swift in Sources */ = {isa = PBXBuildFile; fileRef = BBB78CDC2956E1BE004C55B8 /* ConfigureListView.swift */; };
		BBB78CE12956E28A004C55B8 /* TargetViewController.swift in Sources */ = {isa = PBXBuildFile; fileRef = BBB78CE02956E28A004C55B8 /* TargetViewController.swift */; };
		BBB78CE32956F1C4004C55B8 /* ConfigureTargetList.swift in Sources */ = {isa = PBXBuildFile; fileRef = BBB78CE22956F1C4004C55B8 /* ConfigureTargetList.swift */; };
/* End PBXBuildFile section */

/* Begin PBXFileReference section */
		BB42E1A62956FA52004DB3DB /* TargetModel.swift */ = {isa = PBXFileReference; lastKnownFileType = sourcecode.swift; path = TargetModel.swift; sourceTree = "<group>"; };
		BB42E1A9295844F8004DB3DB /* FinishedTaskList.swift */ = {isa = PBXFileReference; lastKnownFileType = sourcecode.swift; path = FinishedTaskList.swift; sourceTree = "<group>"; };
		BB42E1AE295849C1004DB3DB /* FinishedTaskCell.swift */ = {isa = PBXFileReference; lastKnownFileType = sourcecode.swift; path = FinishedTaskCell.swift; sourceTree = "<group>"; };
		BB42E1AF295849C1004DB3DB /* FinishedTaskCell.xib */ = {isa = PBXFileReference; lastKnownFileType = file.xib; path = FinishedTaskCell.xib; sourceTree = "<group>"; };
		BB42E1B229585437004DB3DB /* ConfigureFinishedTask.swift */ = {isa = PBXFileReference; lastKnownFileType = sourcecode.swift; path = ConfigureFinishedTask.swift; sourceTree = "<group>"; };
		BBB78CB72950BBAA004C55B8 /* To Do List.app */ = {isa = PBXFileReference; explicitFileType = wrapper.application; includeInIndex = 0; path = "To Do List.app"; sourceTree = BUILT_PRODUCTS_DIR; };
		BBB78CBA2950BBAA004C55B8 /* AppDelegate.swift */ = {isa = PBXFileReference; lastKnownFileType = sourcecode.swift; path = AppDelegate.swift; sourceTree = "<group>"; };
		BBB78CBC2950BBAA004C55B8 /* SceneDelegate.swift */ = {isa = PBXFileReference; lastKnownFileType = sourcecode.swift; path = SceneDelegate.swift; sourceTree = "<group>"; };
		BBB78CBE2950BBAA004C55B8 /* ListViewController.swift */ = {isa = PBXFileReference; lastKnownFileType = sourcecode.swift; path = ListViewController.swift; sourceTree = "<group>"; };
		BBB78CC12950BBAA004C55B8 /* Base */ = {isa = PBXFileReference; lastKnownFileType = file.storyboard; name = Base; path = Base.lproj/Main.storyboard; sourceTree = "<group>"; };
		BBB78CC32950BBAB004C55B8 /* Assets.xcassets */ = {isa = PBXFileReference; lastKnownFileType = folder.assetcatalog; path = Assets.xcassets; sourceTree = "<group>"; };
		BBB78CC62950BBAB004C55B8 /* Base */ = {isa = PBXFileReference; lastKnownFileType = file.storyboard; name = Base; path = Base.lproj/LaunchScreen.storyboard; sourceTree = "<group>"; };
		BBB78CC82950BBAB004C55B8 /* Info.plist */ = {isa = PBXFileReference; lastKnownFileType = text.plist.xml; path = Info.plist; sourceTree = "<group>"; };
		BBB78CD82950BEFE004C55B8 /* ListViewCell.swift */ = {isa = PBXFileReference; lastKnownFileType = sourcecode.swift; path = ListViewCell.swift; sourceTree = "<group>"; };
		BBB78CD92950BEFE004C55B8 /* ListViewCell.xib */ = {isa = PBXFileReference; lastKnownFileType = file.xib; path = ListViewCell.xib; sourceTree = "<group>"; };
		BBB78CDC2956E1BE004C55B8 /* ConfigureListView.swift */ = {isa = PBXFileReference; lastKnownFileType = sourcecode.swift; path = ConfigureListView.swift; sourceTree = "<group>"; };
		BBB78CE02956E28A004C55B8 /* TargetViewController.swift */ = {isa = PBXFileReference; lastKnownFileType = sourcecode.swift; path = TargetViewController.swift; sourceTree = "<group>"; };
		BBB78CE22956F1C4004C55B8 /* ConfigureTargetList.swift */ = {isa = PBXFileReference; lastKnownFileType = sourcecode.swift; path = ConfigureTargetList.swift; sourceTree = "<group>"; };
/* End PBXFileReference section */

/* Begin PBXFrameworksBuildPhase section */
		BBB78CB42950BBAA004C55B8 /* Frameworks */ = {
			isa = PBXFrameworksBuildPhase;
			buildActionMask = 2147483647;
			files = (
			);
			runOnlyForDeploymentPostprocessing = 0;
		};
/* End PBXFrameworksBuildPhase section */

/* Begin PBXGroup section */
		BB42E1A8295844C5004DB3DB /* FinishedTaskList */ = {
			isa = PBXGroup;
			children = (
				BB42E1AB29584985004DB3DB /* FinishedTaskCell */,
				BB42E1A9295844F8004DB3DB /* FinishedTaskList.swift */,
				BB42E1B229585437004DB3DB /* ConfigureFinishedTask.swift */,
			);
			path = FinishedTaskList;
			sourceTree = "<group>";
		};
		BB42E1AB29584985004DB3DB /* FinishedTaskCell */ = {
			isa = PBXGroup;
			children = (
				BB42E1AE295849C1004DB3DB /* FinishedTaskCell.swift */,
				BB42E1AF295849C1004DB3DB /* FinishedTaskCell.xib */,
			);
			path = FinishedTaskCell;
			sourceTree = "<group>";
		};
		BBB78CAE2950BBAA004C55B8 = {
			isa = PBXGroup;
			children = (
				BBB78CB92950BBAA004C55B8 /* To Do List */,
				BBB78CB82950BBAA004C55B8 /* Products */,
			);
			sourceTree = "<group>";
		};
		BBB78CB82950BBAA004C55B8 /* Products */ = {
			isa = PBXGroup;
			children = (
				BBB78CB72950BBAA004C55B8 /* To Do List.app */,
			);
			name = Products;
			sourceTree = "<group>";
		};
		BBB78CB92950BBAA004C55B8 /* To Do List */ = {
			isa = PBXGroup;
			children = (
				BBB78CCE2950BBDE004C55B8 /* Application */,
				BBB78CCF2950BC05004C55B8 /* UI */,
				BBB78CC82950BBAB004C55B8 /* Info.plist */,
			);
			path = "To Do List";
			sourceTree = "<group>";
		};
		BBB78CCE2950BBDE004C55B8 /* Application */ = {
			isa = PBXGroup;
			children = (
				BBB78CBA2950BBAA004C55B8 /* AppDelegate.swift */,
				BBB78CBC2950BBAA004C55B8 /* SceneDelegate.swift */,
			);
			path = Application;
			sourceTree = "<group>";
		};
		BBB78CCF2950BC05004C55B8 /* UI */ = {
			isa = PBXGroup;
			children = (
				BBB78CD12950BC2B004C55B8 /* Storyboard */,
				BBB78CD02950BC20004C55B8 /* Screens */,
			);
			path = UI;
			sourceTree = "<group>";
		};
		BBB78CD02950BC20004C55B8 /* Screens */ = {
			isa = PBXGroup;
			children = (
				BBB78CD22950BC43004C55B8 /* ListViewController */,
				BBB78CDF2956E263004C55B8 /* TargetViewController */,
				BB42E1A8295844C5004DB3DB /* FinishedTaskList */,
			);
			path = Screens;
			sourceTree = "<group>";
		};
		BBB78CD12950BC2B004C55B8 /* Storyboard */ = {
			isa = PBXGroup;
			children = (
				BBB78CC32950BBAB004C55B8 /* Assets.xcassets */,
				BBB78CC02950BBAA004C55B8 /* Main.storyboard */,
				BBB78CC52950BBAB004C55B8 /* LaunchScreen.storyboard */,
			);
			path = Storyboard;
			sourceTree = "<group>";
		};
		BBB78CD22950BC43004C55B8 /* ListViewController */ = {
			isa = PBXGroup;
			children = (
				BBB78CD72950BEDF004C55B8 /* ListCell */,
				BBB78CBE2950BBAA004C55B8 /* ListViewController.swift */,
				BBB78CDC2956E1BE004C55B8 /* ConfigureListView.swift */,
			);
			path = ListViewController;
			sourceTree = "<group>";
		};
		BBB78CD72950BEDF004C55B8 /* ListCell */ = {
			isa = PBXGroup;
			children = (
				BBB78CD82950BEFE004C55B8 /* ListViewCell.swift */,
				BBB78CD92950BEFE004C55B8 /* ListViewCell.xib */,
			);
			path = ListCell;
			sourceTree = "<group>";
		};
		BBB78CDF2956E263004C55B8 /* TargetViewController */ = {
			isa = PBXGroup;
			children = (
				BBB78CE02956E28A004C55B8 /* TargetViewController.swift */,
				BBB78CE22956F1C4004C55B8 /* ConfigureTargetList.swift */,
				BB42E1A62956FA52004DB3DB /* TargetModel.swift */,
			);
			path = TargetViewController;
			sourceTree = "<group>";
		};
/* End PBXGroup section */

/* Begin PBXNativeTarget section */
		BBB78CB62950BBAA004C55B8 /* To Do List */ = {
			isa = PBXNativeTarget;
			buildConfigurationList = BBB78CCB2950BBAB004C55B8 /* Build configuration list for PBXNativeTarget "To Do List" */;
			buildPhases = (
				BBB78CB32950BBAA004C55B8 /* Sources */,
				BBB78CB42950BBAA004C55B8 /* Frameworks */,
				BBB78CB52950BBAA004C55B8 /* Resources */,
			);
			buildRules = (
			);
			dependencies = (
			);
			name = "To Do List";
			productName = "To Do List";
			productReference = BBB78CB72950BBAA004C55B8 /* To Do List.app */;
			productType = "com.apple.product-type.application";
		};
/* End PBXNativeTarget section */

/* Begin PBXProject section */
		BBB78CAF2950BBAA004C55B8 /* Project object */ = {
			isa = PBXProject;
			attributes = {
				BuildIndependentTargetsInParallel = 1;
				LastSwiftUpdateCheck = 1410;
				LastUpgradeCheck = 1410;
				TargetAttributes = {
					BBB78CB62950BBAA004C55B8 = {
						CreatedOnToolsVersion = 14.1;
					};
				};
			};
			buildConfigurationList = BBB78CB22950BBAA004C55B8 /* Build configuration list for PBXProject "To Do List" */;
			compatibilityVersion = "Xcode 14.0";
			developmentRegion = en;
			hasScannedForEncodings = 0;
			knownRegions = (
				en,
				Base,
			);
			mainGroup = BBB78CAE2950BBAA004C55B8;
			productRefGroup = BBB78CB82950BBAA004C55B8 /* Products */;
			projectDirPath = "";
			projectRoot = "";
			targets = (
				BBB78CB62950BBAA004C55B8 /* To Do List */,
			);
		};
/* End PBXProject section */

/* Begin PBXResourcesBuildPhase section */
		BBB78CB52950BBAA004C55B8 /* Resources */ = {
			isa = PBXResourcesBuildPhase;
			buildActionMask = 2147483647;
			files = (
				BBB78CDB2950BEFE004C55B8 /* ListViewCell.xib in Resources */,
				BBB78CC72950BBAB004C55B8 /* LaunchScreen.storyboard in Resources */,
				BBB78CC42950BBAB004C55B8 /* Assets.xcassets in Resources */,
				BBB78CC22950BBAA004C55B8 /* Main.storyboard in Resources */,
				BB42E1B1295849C1004DB3DB /* FinishedTaskCell.xib in Resources */,
			);
			runOnlyForDeploymentPostprocessing = 0;
		};
/* End PBXResourcesBuildPhase section */

/* Begin PBXSourcesBuildPhase section */
		BBB78CB32950BBAA004C55B8 /* Sources */ = {
			isa = PBXSourcesBuildPhase;
			buildActionMask = 2147483647;
			files = (
				BBB78CBF2950BBAA004C55B8 /* ListViewController.swift in Sources */,
				BBB78CE12956E28A004C55B8 /* TargetViewController.swift in Sources */,
				BBB78CDD2956E1BE004C55B8 /* ConfigureListView.swift in Sources */,
				BBB78CBB2950BBAA004C55B8 /* AppDelegate.swift in Sources */,
				BB42E1B0295849C1004DB3DB /* FinishedTaskCell.swift in Sources */,
				BB42E1A72956FA52004DB3DB /* TargetModel.swift in Sources */,
				BBB78CDA2950BEFE004C55B8 /* ListViewCell.swift in Sources */,
				BBB78CE32956F1C4004C55B8 /* ConfigureTargetList.swift in Sources */,
				BBB78CBD2950BBAA004C55B8 /* SceneDelegate.swift in Sources */,
				BB42E1AA295844F8004DB3DB /* FinishedTaskList.swift in Sources */,
				BB42E1B329585437004DB3DB /* ConfigureFinishedTask.swift in Sources */,
			);
			runOnlyForDeploymentPostprocessing = 0;
		};
/* End PBXSourcesBuildPhase section */

/* Begin PBXVariantGroup section */
		BBB78CC02950BBAA004C55B8 /* Main.storyboard */ = {
			isa = PBXVariantGroup;
			children = (
				BBB78CC12950BBAA004C55B8 /* Base */,
			);
			name = Main.storyboard;
			sourceTree = "<group>";
		};
		BBB78CC52950BBAB004C55B8 /* LaunchScreen.storyboard */ = {
			isa = PBXVariantGroup;
			children = (
				BBB78CC62950BBAB004C55B8 /* Base */,
			);
			name = LaunchScreen.storyboard;
			sourceTree = "<group>";
		};
/* End PBXVariantGroup section */

/* Begin XCBuildConfiguration section */
		BBB78CC92950BBAB004C55B8 /* Debug */ = {
			isa = XCBuildConfiguration;
			buildSettings = {
				ALWAYS_SEARCH_USER_PATHS = NO;
				CLANG_ANALYZER_NONNULL = YES;
				CLANG_ANALYZER_NUMBER_OBJECT_CONVERSION = YES_AGGRESSIVE;
				CLANG_CXX_LANGUAGE_STANDARD = "gnu++20";
				CLANG_ENABLE_MODULES = YES;
				CLANG_ENABLE_OBJC_ARC = YES;
				CLANG_ENABLE_OBJC_WEAK = YES;
				CLANG_WARN_BLOCK_CAPTURE_AUTORELEASING = YES;
				CLANG_WARN_BOOL_CONVERSION = YES;
				CLANG_WARN_COMMA = YES;
				CLANG_WARN_CONSTANT_CONVERSION = YES;
				CLANG_WARN_DEPRECATED_OBJC_IMPLEMENTATIONS = YES;
				CLANG_WARN_DIRECT_OBJC_ISA_USAGE = YES_ERROR;
				CLANG_WARN_DOCUMENTATION_COMMENTS = YES;
				CLANG_WARN_EMPTY_BODY = YES;
				CLANG_WARN_ENUM_CONVERSION = YES;
				CLANG_WARN_INFINITE_RECURSION = YES;
				CLANG_WARN_INT_CONVERSION = YES;
				CLANG_WARN_NON_LITERAL_NULL_CONVERSION = YES;
				CLANG_WARN_OBJC_IMPLICIT_RETAIN_SELF = YES;
				CLANG_WARN_OBJC_LITERAL_CONVERSION = YES;
				CLANG_WARN_OBJC_ROOT_CLASS = YES_ERROR;
				CLANG_WARN_QUOTED_INCLUDE_IN_FRAMEWORK_HEADER = YES;
				CLANG_WARN_RANGE_LOOP_ANALYSIS = YES;
				CLANG_WARN_STRICT_PROTOTYPES = YES;
				CLANG_WARN_SUSPICIOUS_MOVE = YES;
				CLANG_WARN_UNGUARDED_AVAILABILITY = YES_AGGRESSIVE;
				CLANG_WARN_UNREACHABLE_CODE = YES;
				CLANG_WARN__DUPLICATE_METHOD_MATCH = YES;
				COPY_PHASE_STRIP = NO;
				DEBUG_INFORMATION_FORMAT = dwarf;
				ENABLE_STRICT_OBJC_MSGSEND = YES;
				ENABLE_TESTABILITY = YES;
				GCC_C_LANGUAGE_STANDARD = gnu11;
				GCC_DYNAMIC_NO_PIC = NO;
				GCC_NO_COMMON_BLOCKS = YES;
				GCC_OPTIMIZATION_LEVEL = 0;
				GCC_PREPROCESSOR_DEFINITIONS = (
					"DEBUG=1",
					"$(inherited)",
				);
				GCC_WARN_64_TO_32_BIT_CONVERSION = YES;
				GCC_WARN_ABOUT_RETURN_TYPE = YES_ERROR;
				GCC_WARN_UNDECLARED_SELECTOR = YES;
				GCC_WARN_UNINITIALIZED_AUTOS = YES_AGGRESSIVE;
				GCC_WARN_UNUSED_FUNCTION = YES;
				GCC_WARN_UNUSED_VARIABLE = YES;
				IPHONEOS_DEPLOYMENT_TARGET = 16.1;
				MTL_ENABLE_DEBUG_INFO = INCLUDE_SOURCE;
				MTL_FAST_MATH = YES;
				ONLY_ACTIVE_ARCH = YES;
				SDKROOT = iphoneos;
				SWIFT_ACTIVE_COMPILATION_CONDITIONS = DEBUG;
				SWIFT_OPTIMIZATION_LEVEL = "-Onone";
			};
			name = Debug;
		};
		BBB78CCA2950BBAB004C55B8 /* Release */ = {
			isa = XCBuildConfiguration;
			buildSettings = {
				ALWAYS_SEARCH_USER_PATHS = NO;
				CLANG_ANALYZER_NONNULL = YES;
				CLANG_ANALYZER_NUMBER_OBJECT_CONVERSION = YES_AGGRESSIVE;
				CLANG_CXX_LANGUAGE_STANDARD = "gnu++20";
				CLANG_ENABLE_MODULES = YES;
				CLANG_ENABLE_OBJC_ARC = YES;
				CLANG_ENABLE_OBJC_WEAK = YES;
				CLANG_WARN_BLOCK_CAPTURE_AUTORELEASING = YES;
				CLANG_WARN_BOOL_CONVERSION = YES;
				CLANG_WARN_COMMA = YES;
				CLANG_WARN_CONSTANT_CONVERSION = YES;
				CLANG_WARN_DEPRECATED_OBJC_IMPLEMENTATIONS = YES;
				CLANG_WARN_DIRECT_OBJC_ISA_USAGE = YES_ERROR;
				CLANG_WARN_DOCUMENTATION_COMMENTS = YES;
				CLANG_WARN_EMPTY_BODY = YES;
				CLANG_WARN_ENUM_CONVERSION = YES;
				CLANG_WARN_INFINITE_RECURSION = YES;
				CLANG_WARN_INT_CONVERSION = YES;
				CLANG_WARN_NON_LITERAL_NULL_CONVERSION = YES;
				CLANG_WARN_OBJC_IMPLICIT_RETAIN_SELF = YES;
				CLANG_WARN_OBJC_LITERAL_CONVERSION = YES;
				CLANG_WARN_OBJC_ROOT_CLASS = YES_ERROR;
				CLANG_WARN_QUOTED_INCLUDE_IN_FRAMEWORK_HEADER = YES;
				CLANG_WARN_RANGE_LOOP_ANALYSIS = YES;
				CLANG_WARN_STRICT_PROTOTYPES = YES;
				CLANG_WARN_SUSPICIOUS_MOVE = YES;
				CLANG_WARN_UNGUARDED_AVAILABILITY = YES_AGGRESSIVE;
				CLANG_WARN_UNREACHABLE_CODE = YES;
				CLANG_WARN__DUPLICATE_METHOD_MATCH = YES;
				COPY_PHASE_STRIP = NO;
				DEBUG_INFORMATION_FORMAT = "dwarf-with-dsym";
				ENABLE_NS_ASSERTIONS = NO;
				ENABLE_STRICT_OBJC_MSGSEND = YES;
				GCC_C_LANGUAGE_STANDARD = gnu11;
				GCC_NO_COMMON_BLOCKS = YES;
				GCC_WARN_64_TO_32_BIT_CONVERSION = YES;
				GCC_WARN_ABOUT_RETURN_TYPE = YES_ERROR;
				GCC_WARN_UNDECLARED_SELECTOR = YES;
				GCC_WARN_UNINITIALIZED_AUTOS = YES_AGGRESSIVE;
				GCC_WARN_UNUSED_FUNCTION = YES;
				GCC_WARN_UNUSED_VARIABLE = YES;
				IPHONEOS_DEPLOYMENT_TARGET = 16.1;
				MTL_ENABLE_DEBUG_INFO = NO;
				MTL_FAST_MATH = YES;
				SDKROOT = iphoneos;
				SWIFT_COMPILATION_MODE = wholemodule;
				SWIFT_OPTIMIZATION_LEVEL = "-O";
				VALIDATE_PRODUCT = YES;
			};
			name = Release;
		};
		BBB78CCC2950BBAB004C55B8 /* Debug */ = {
			isa = XCBuildConfiguration;
			buildSettings = {
				ASSETCATALOG_COMPILER_APPICON_NAME = AppIcon;
				ASSETCATALOG_COMPILER_GLOBAL_ACCENT_COLOR_NAME = AccentColor;
				CODE_SIGN_STYLE = Automatic;
				CURRENT_PROJECT_VERSION = 1;
				DEVELOPMENT_TEAM = 3HD2DR99MJ;
				GENERATE_INFOPLIST_FILE = YES;
				INFOPLIST_FILE = "To Do List/Info.plist";
				INFOPLIST_KEY_CFBundleDisplayName = "To Do List";
				INFOPLIST_KEY_LSApplicationCategoryType = "public.app-category.lifestyle";
				INFOPLIST_KEY_UIApplicationSupportsIndirectInputEvents = YES;
				INFOPLIST_KEY_UILaunchStoryboardName = LaunchScreen;
				INFOPLIST_KEY_UIMainStoryboardFile = Main;
				LD_RUNPATH_SEARCH_PATHS = (
					"$(inherited)",
					"@executable_path/Frameworks",
				);
				MARKETING_VERSION = 1.0;
				PRODUCT_BUNDLE_IDENTIFIER = "firstConsole.To-Do-List";
				PRODUCT_NAME = "$(TARGET_NAME)";
				SWIFT_EMIT_LOC_STRINGS = YES;
				SWIFT_VERSION = 5.0;
				TARGETED_DEVICE_FAMILY = "1,2";
			};
			name = Debug;
		};
		BBB78CCD2950BBAB004C55B8 /* Release */ = {
			isa = XCBuildConfiguration;
			buildSettings = {
				ASSETCATALOG_COMPILER_APPICON_NAME = AppIcon;
				ASSETCATALOG_COMPILER_GLOBAL_ACCENT_COLOR_NAME = AccentColor;
				CODE_SIGN_STYLE = Automatic;
				CURRENT_PROJECT_VERSION = 1;
				DEVELOPMENT_TEAM = 3HD2DR99MJ;
				GENERATE_INFOPLIST_FILE = YES;
				INFOPLIST_FILE = "To Do List/Info.plist";
				INFOPLIST_KEY_CFBundleDisplayName = "To Do List";
				INFOPLIST_KEY_LSApplicationCategoryType = "public.app-category.lifestyle";
				INFOPLIST_KEY_UIApplicationSupportsIndirectInputEvents = YES;
				INFOPLIST_KEY_UILaunchStoryboardName = LaunchScreen;
				INFOPLIST_KEY_UIMainStoryboardFile = Main;
				LD_RUNPATH_SEARCH_PATHS = (
					"$(inherited)",
					"@executable_path/Frameworks",
				);
				MARKETING_VERSION = 1.0;
				PRODUCT_BUNDLE_IDENTIFIER = "firstConsole.To-Do-List";
				PRODUCT_NAME = "$(TARGET_NAME)";
				SWIFT_EMIT_LOC_STRINGS = YES;
				SWIFT_VERSION = 5.0;
				TARGETED_DEVICE_FAMILY = "1,2";
			};
			name = Release;
		};
/* End XCBuildConfiguration section */

/* Begin XCConfigurationList section */
		BBB78CB22950BBAA004C55B8 /* Build configuration list for PBXProject "To Do List" */ = {
			isa = XCConfigurationList;
			buildConfigurations = (
				BBB78CC92950BBAB004C55B8 /* Debug */,
				BBB78CCA2950BBAB004C55B8 /* Release */,
			);
			defaultConfigurationIsVisible = 0;
			defaultConfigurationName = Release;
		};
		BBB78CCB2950BBAB004C55B8 /* Build configuration list for PBXNativeTarget "To Do List" */ = {
			isa = XCConfigurationList;
			buildConfigurations = (
				BBB78CCC2950BBAB004C55B8 /* Debug */,
				BBB78CCD2950BBAB004C55B8 /* Release */,
			);
			defaultConfigurationIsVisible = 0;
			defaultConfigurationName = Release;
		};
/* End XCConfigurationList section */
	};
	rootObject = BBB78CAF2950BBAA004C55B8 /* Project object */;
}
